
Microsoft Visual Studio Solution File, Format Version 12.00
# Visual Studio 15
VisualStudioVersion = 15.0.27004.2005
MinimumVisualStudioVersion = 10.0.40219.1
Project("{FAE04EC0-301F-11D3-BF4B-00C04F79EFBC}") = "SimpleClassExampl-", "SimpleClassExampl-\SimpleClassExampl-.csproj", "{612C7347-C264-4271-876D-07AE5DB23FBE}"
EndProject
Global
	GlobalSection(SolutionConfigurationPlatforms) = preSolution
		Debug|Any CPU = Debug|Any CPU
		Release|Any CPU = Release|Any CPU
	EndGlobalSection
	GlobalSection(ProjectConfigurationPlatforms) = postSolution
		{612C7347-C264-4271-876D-07AE5DB23FBE}.Debug|Any CPU.ActiveCfg = Debug|Any CPU
		{612C7347-C264-4271-876D-07AE5DB23FBE}.Debug|Any CPU.Build.0 = Debug|Any CPU
		{612C7347-C264-4271-876D-07AE5DB23FBE}.Release|Any CPU.ActiveCfg = Release|Any CPU
		{612C7347-C264-4271-876D-07AE5DB23FBE}.Release|Any CPU.Build.0 = Release|Any CPU
	EndGlobalSection
	GlobalSection(SolutionProperties) = preSolution
		HideSolutionNode = FALSE
	EndGlobalSection
	GlobalSection(ExtensibilityGlobals) = postSolution
		SolutionGuid = {A93562C0-1F19-45D4-B27D-406553DF114E}
	EndGlobalSection
EndGlobal
